
Microsoft Visual Studio Solution File, Format Version 12.00
# Visual Studio Version 17
VisualStudioVersion = 17.0.31903.59
MinimumVisualStudioVersion = 10.0.40219.1
Project("{2150E333-8FDC-42A3-9474-1A3956D46DE8}") = "src", "src", "{AAE0B189-4277-4218-A3F4-98BA4D7BAF9A}"
EndProject
Project("{FAE04EC0-301F-11D3-BF4B-00C04F79EFBC}") = "Api", "src\Api\Api.csproj", "{34788BCD-44B5-4FDD-95FA-5129C0264830}"
EndProject
Project("{FAE04EC0-301F-11D3-BF4B-00C04F79EFBC}") = "Application", "src\Application\Application.csproj", "{0C891933-1554-4FCD-97BC-680DF1A963A7}"
EndProject
Project("{FAE04EC0-301F-11D3-BF4B-00C04F79EFBC}") = "Domain", "src\Domain\Domain.csproj", "{D07ED2CB-CEEC-4784-98EE-63418BCA47CF}"
EndProject
Project("{FAE04EC0-301F-11D3-BF4B-00C04F79EFBC}") = "Infrastructure", "src\Infrastructure\Infrastructure.csproj", "{B9FF53AC-F6F6-4CB6-8015-D97D4E49CA18}"
EndProject
Global
	GlobalSection(SolutionConfigurationPlatforms) = preSolution
		Debug|Any CPU = Debug|Any CPU
		Release|Any CPU = Release|Any CPU
	EndGlobalSection
	GlobalSection(SolutionProperties) = preSolution
		HideSolutionNode = FALSE
	EndGlobalSection
	GlobalSection(ProjectConfigurationPlatforms) = postSolution
		{34788BCD-44B5-4FDD-95FA-5129C0264830}.Debug|Any CPU.ActiveCfg = Debug|Any CPU
		{34788BCD-44B5-4FDD-95FA-5129C0264830}.Debug|Any CPU.Build.0 = Debug|Any CPU
		{34788BCD-44B5-4FDD-95FA-5129C0264830}.Release|Any CPU.ActiveCfg = Release|Any CPU
		{34788BCD-44B5-4FDD-95FA-5129C0264830}.Release|Any CPU.Build.0 = Release|Any CPU
		{0C891933-1554-4FCD-97BC-680DF1A963A7}.Debug|Any CPU.ActiveCfg = Debug|Any CPU
		{0C891933-1554-4FCD-97BC-680DF1A963A7}.Debug|Any CPU.Build.0 = Debug|Any CPU
		{0C891933-1554-4FCD-97BC-680DF1A963A7}.Release|Any CPU.ActiveCfg = Release|Any CPU
		{0C891933-1554-4FCD-97BC-680DF1A963A7}.Release|Any CPU.Build.0 = Release|Any CPU
		{D07ED2CB-CEEC-4784-98EE-63418BCA47CF}.Debug|Any CPU.ActiveCfg = Debug|Any CPU
		{D07ED2CB-CEEC-4784-98EE-63418BCA47CF}.Debug|Any CPU.Build.0 = Debug|Any CPU
		{D07ED2CB-CEEC-4784-98EE-63418BCA47CF}.Release|Any CPU.ActiveCfg = Release|Any CPU
		{D07ED2CB-CEEC-4784-98EE-63418BCA47CF}.Release|Any CPU.Build.0 = Release|Any CPU
		{B9FF53AC-F6F6-4CB6-8015-D97D4E49CA18}.Debug|Any CPU.ActiveCfg = Debug|Any CPU
		{B9FF53AC-F6F6-4CB6-8015-D97D4E49CA18}.Debug|Any CPU.Build.0 = Debug|Any CPU
		{B9FF53AC-F6F6-4CB6-8015-D97D4E49CA18}.Release|Any CPU.ActiveCfg = Release|Any CPU
		{B9FF53AC-F6F6-4CB6-8015-D97D4E49CA18}.Release|Any CPU.Build.0 = Release|Any CPU
	EndGlobalSection
	GlobalSection(NestedProjects) = preSolution
		{34788BCD-44B5-4FDD-95FA-5129C0264830} = {AAE0B189-4277-4218-A3F4-98BA4D7BAF9A}
		{0C891933-1554-4FCD-97BC-680DF1A963A7} = {AAE0B189-4277-4218-A3F4-98BA4D7BAF9A}
		{D07ED2CB-CEEC-4784-98EE-63418BCA47CF} = {AAE0B189-4277-4218-A3F4-98BA4D7BAF9A}
		{B9FF53AC-F6F6-4CB6-8015-D97D4E49CA18} = {AAE0B189-4277-4218-A3F4-98BA4D7BAF9A}
	EndGlobalSection
EndGlobal
